
Microsoft Visual Studio Solution File, Format Version 12.00
# Visual Studio Version 16
VisualStudioVersion = 16.0.30011.22
MinimumVisualStudioVersion = 10.0.40219.1
Project("{9A19103F-16F7-4668-BE54-9A1E7A4F7556}") = "EEGMachine", "EEGMachine\EEGMachine.csproj", "{9CDFD2F7-92D2-4B27-95DD-996ED93DC997}"
EndProject
Project("{9A19103F-16F7-4668-BE54-9A1E7A4F7556}") = "EEGDataHandling", "EEGDataHandling\EEGDataHandling.csproj", "{2C0F1CFB-D06F-4637-8157-02C968207A8C}"
EndProject
Project("{FAE04EC0-301F-11D3-BF4B-00C04F79EFBC}") = "EEGMachineTests", "EEGMachineTests\EEGMachineTests.csproj", "{5732E887-DAF8-4062-AB35-A5E491C7BFD7}"
EndProject
Global
	GlobalSection(SolutionConfigurationPlatforms) = preSolution
		Debug|Any CPU = Debug|Any CPU
		Release|Any CPU = Release|Any CPU
	EndGlobalSection
	GlobalSection(ProjectConfigurationPlatforms) = postSolution
		{9CDFD2F7-92D2-4B27-95DD-996ED93DC997}.Debug|Any CPU.ActiveCfg = Debug|Any CPU
		{9CDFD2F7-92D2-4B27-95DD-996ED93DC997}.Debug|Any CPU.Build.0 = Debug|Any CPU
		{9CDFD2F7-92D2-4B27-95DD-996ED93DC997}.Release|Any CPU.ActiveCfg = Release|Any CPU
		{9CDFD2F7-92D2-4B27-95DD-996ED93DC997}.Release|Any CPU.Build.0 = Release|Any CPU
		{2C0F1CFB-D06F-4637-8157-02C968207A8C}.Debug|Any CPU.ActiveCfg = Debug|Any CPU
		{2C0F1CFB-D06F-4637-8157-02C968207A8C}.Debug|Any CPU.Build.0 = Debug|Any CPU
		{2C0F1CFB-D06F-4637-8157-02C968207A8C}.Release|Any CPU.ActiveCfg = Release|Any CPU
		{2C0F1CFB-D06F-4637-8157-02C968207A8C}.Release|Any CPU.Build.0 = Release|Any CPU
		{5732E887-DAF8-4062-AB35-A5E491C7BFD7}.Debug|Any CPU.ActiveCfg = Debug|Any CPU
		{5732E887-DAF8-4062-AB35-A5E491C7BFD7}.Debug|Any CPU.Build.0 = Debug|Any CPU
		{5732E887-DAF8-4062-AB35-A5E491C7BFD7}.Release|Any CPU.ActiveCfg = Release|Any CPU
		{5732E887-DAF8-4062-AB35-A5E491C7BFD7}.Release|Any CPU.Build.0 = Release|Any CPU
	EndGlobalSection
	GlobalSection(SolutionProperties) = preSolution
		HideSolutionNode = FALSE
	EndGlobalSection
	GlobalSection(ExtensibilityGlobals) = postSolution
		SolutionGuid = {59ACA5CD-B15D-4BAD-AB8F-54F2204D8E52}
	EndGlobalSection
EndGlobal
