Microsoft Visual Studio Solution File, Format Version 12.00
# Visual Studio Version 17
VisualStudioVersion = 17.3.32901.215
MinimumVisualStudioVersion = 10.0.40219.1
Project("{9A19103F-16F7-4668-BE54-9A1E7A4F7556}") = "EEGMachine", "EEGMachine\EEGMachine.csproj", "{9CDFD2F7-92D2-4B27-95DD-996ED93DC997}"
EndProject
Project("{9A19103F-16F7-4668-BE54-9A1E7A4F7556}") = "EEGDataHandling", "EEGDataHandling\EEGDataHandling.csproj", "{2C0F1CFB-D06F-4637-8157-02C968207A8C}"
EndProject
Project("{9A19103F-16F7-4668-BE54-9A1E7A4F7556}") = "EDFLib", "EDFLib\EDFLib.csproj", "{C5CA1FEE-88AD-49EA-9E1F-6902BE100503}"
EndProject
Project("{9A19103F-16F7-4668-BE54-9A1E7A4F7556}") = "EDFSimSharp", "EDFSimSharp\EDFSimSharp.csproj", "{481161E1-5DD4-4264-9255-9A9D0BE3C361}"
EndProject
Project("{9A19103F-16F7-4668-BE54-9A1E7A4F7556}") = "SimplePacketLib", "SimplePacketLib\SimplePacketLib.csproj", "{9069C36C-0856-46C7-9BE6-E6D54CF0032D}"
EndProject
Project("{9A19103F-16F7-4668-BE54-9A1E7A4F7556}") = "EEGMachineTests", "EEGMachineTests\EEGMachineTests.csproj", "{E096808C-35DD-4635-8A8C-3D5E694D7CEB}"
EndProject
Project("{2150E333-8FDC-42A3-9474-1A3956D46DE8}") = "Solution Items", "Solution Items", "{1096BB4F-EB6F-435F-AA4A-C04DE66618A9}"
	ProjectSection(SolutionItems) = preProject
		LICENSE = LICENSE
		README.md = README.md
		stylecop.json = stylecop.json
	EndProjectSection
EndProject
Project("{9A19103F-16F7-4668-BE54-9A1E7A4F7556}") = "DeviceCommunications", "DeviceCommunications\DeviceCommunications.csproj", "{5ACE98C6-B185-4304-B307-BAD11C98335B}"
EndProject
Project("{9A19103F-16F7-4668-BE54-9A1E7A4F7556}") = "SimplePacketReceiver", "Simple Packet Receiver\SimplePacketReceiver.csproj", "{52882BAA-7D33-4993-A743-CE3850B1372B}"
EndProject
Global
	GlobalSection(SolutionConfigurationPlatforms) = preSolution
		Debug|Any CPU = Debug|Any CPU
		Release|Any CPU = Release|Any CPU
	EndGlobalSection
	GlobalSection(ProjectConfigurationPlatforms) = postSolution
		{9CDFD2F7-92D2-4B27-95DD-996ED93DC997}.Debug|Any CPU.ActiveCfg = Debug|Any CPU
		{9CDFD2F7-92D2-4B27-95DD-996ED93DC997}.Debug|Any CPU.Build.0 = Debug|Any CPU
		{9CDFD2F7-92D2-4B27-95DD-996ED93DC997}.Release|Any CPU.ActiveCfg = Release|Any CPU
		{9CDFD2F7-92D2-4B27-95DD-996ED93DC997}.Release|Any CPU.Build.0 = Release|Any CPU
		{2C0F1CFB-D06F-4637-8157-02C968207A8C}.Debug|Any CPU.ActiveCfg = Debug|Any CPU
		{2C0F1CFB-D06F-4637-8157-02C968207A8C}.Debug|Any CPU.Build.0 = Debug|Any CPU
		{2C0F1CFB-D06F-4637-8157-02C968207A8C}.Release|Any CPU.ActiveCfg = Release|Any CPU
		{2C0F1CFB-D06F-4637-8157-02C968207A8C}.Release|Any CPU.Build.0 = Release|Any CPU
		{C5CA1FEE-88AD-49EA-9E1F-6902BE100503}.Debug|Any CPU.ActiveCfg = Debug|Any CPU
		{C5CA1FEE-88AD-49EA-9E1F-6902BE100503}.Debug|Any CPU.Build.0 = Debug|Any CPU
		{C5CA1FEE-88AD-49EA-9E1F-6902BE100503}.Release|Any CPU.ActiveCfg = Release|Any CPU
		{C5CA1FEE-88AD-49EA-9E1F-6902BE100503}.Release|Any CPU.Build.0 = Release|Any CPU
		{481161E1-5DD4-4264-9255-9A9D0BE3C361}.Debug|Any CPU.ActiveCfg = Debug|Any CPU
		{481161E1-5DD4-4264-9255-9A9D0BE3C361}.Debug|Any CPU.Build.0 = Debug|Any CPU
		{481161E1-5DD4-4264-9255-9A9D0BE3C361}.Release|Any CPU.ActiveCfg = Release|Any CPU
		{481161E1-5DD4-4264-9255-9A9D0BE3C361}.Release|Any CPU.Build.0 = Release|Any CPU
		{9069C36C-0856-46C7-9BE6-E6D54CF0032D}.Debug|Any CPU.ActiveCfg = Debug|Any CPU
		{9069C36C-0856-46C7-9BE6-E6D54CF0032D}.Debug|Any CPU.Build.0 = Debug|Any CPU
		{9069C36C-0856-46C7-9BE6-E6D54CF0032D}.Release|Any CPU.ActiveCfg = Release|Any CPU
		{9069C36C-0856-46C7-9BE6-E6D54CF0032D}.Release|Any CPU.Build.0 = Release|Any CPU
		{E096808C-35DD-4635-8A8C-3D5E694D7CEB}.Debug|Any CPU.ActiveCfg = Debug|Any CPU
		{E096808C-35DD-4635-8A8C-3D5E694D7CEB}.Debug|Any CPU.Build.0 = Debug|Any CPU
		{E096808C-35DD-4635-8A8C-3D5E694D7CEB}.Release|Any CPU.ActiveCfg = Release|Any CPU
		{E096808C-35DD-4635-8A8C-3D5E694D7CEB}.Release|Any CPU.Build.0 = Release|Any CPU
		{5ACE98C6-B185-4304-B307-BAD11C98335B}.Debug|Any CPU.ActiveCfg = Debug|Any CPU
		{5ACE98C6-B185-4304-B307-BAD11C98335B}.Debug|Any CPU.Build.0 = Debug|Any CPU
		{5ACE98C6-B185-4304-B307-BAD11C98335B}.Release|Any CPU.ActiveCfg = Release|Any CPU
		{5ACE98C6-B185-4304-B307-BAD11C98335B}.Release|Any CPU.Build.0 = Release|Any CPU
		{52882BAA-7D33-4993-A743-CE3850B1372B}.Debug|Any CPU.ActiveCfg = Debug|Any CPU
		{52882BAA-7D33-4993-A743-CE3850B1372B}.Debug|Any CPU.Build.0 = Debug|Any CPU
		{52882BAA-7D33-4993-A743-CE3850B1372B}.Release|Any CPU.ActiveCfg = Release|Any CPU
		{52882BAA-7D33-4993-A743-CE3850B1372B}.Release|Any CPU.Build.0 = Release|Any CPU
	EndGlobalSection
	GlobalSection(SolutionProperties) = preSolution
		HideSolutionNode = FALSE
	EndGlobalSection
	GlobalSection(ExtensibilityGlobals) = postSolution
		SolutionGuid = {59ACA5CD-B15D-4BAD-AB8F-54F2204D8E52}
	EndGlobalSection
EndGlobal
